
Microsoft Visual Studio Solution File, Format Version 12.00
Project("{FAE04EC0-301F-11D3-BF4B-00C04F79EFBC}") = "BankAccountException", "BankAccountException.csproj", "{8909C19A-571B-491B-A09D-EF186A733CF4}"
EndProject
Global
	GlobalSection(SolutionConfigurationPlatforms) = preSolution
		Debug|Any CPU = Debug|Any CPU
		Release|Any CPU = Release|Any CPU
	EndGlobalSection
	GlobalSection(ProjectConfigurationPlatforms) = postSolution
		{8909C19A-571B-491B-A09D-EF186A733CF4}.Debug|Any CPU.ActiveCfg = Debug|Any CPU
		{8909C19A-571B-491B-A09D-EF186A733CF4}.Debug|Any CPU.Build.0 = Debug|Any CPU
		{8909C19A-571B-491B-A09D-EF186A733CF4}.Release|Any CPU.ActiveCfg = Release|Any CPU
		{8909C19A-571B-491B-A09D-EF186A733CF4}.Release|Any CPU.Build.0 = Release|Any CPU
	EndGlobalSection
EndGlobal
